{
  "version": 4,
  "terraform_version": "1.13.3",
  "serial": 24,
  "lineage": "a4e89ec2-4585-1e44-c095-0105631dcffb",
  "outputs": {},
  "resources": [
    {
      "mode": "managed",
      "type": "azurerm_automation_account",
      "name": "automation",
      "provider": "provider[\"registry.terraform.io/hashicorp/azurerm\"]",
      "instances": [
        {
          "schema_version": 0,
          "attributes": {
            "dsc_primary_access_key": "uCgWNfLT8zPgdSkiaGJr1bpkN7Ci6IzC+eCe01d0Fqv0iCJufpyHH/3vlqoXK9PXbXq+VlNcpUGktOyvdXQ3mA==",
            "dsc_secondary_access_key": "9z/Pi6JteIZUlrSsfTSUMrTn55VmzBtzjDup8okt4Pc/uSbur4CVt/KrIZCVFgpVpSeHaAH8fDe2Zywm7pQEcw==",
            "dsc_server_endpoint": "https://8a503779-c811-4d92-80d3-e29ff570255e.agentsvc.eus.azure-automation.net/accounts/8a503779-c811-4d92-80d3-e29ff570255e",
            "encryption": [],
            "hybrid_service_url": "https://8a503779-c811-4d92-80d3-e29ff570255e.jrds.eus.azure-automation.net/automationAccounts/8a503779-c811-4d92-80d3-e29ff570255e",
            "id": "/subscriptions/02a44fee-b200-4cf9-b042-9bd4aa3bebe6/resourceGroups/azuretest_rg/providers/Microsoft.Automation/automationAccounts/myAutomation",
            "identity": [
              {
                "identity_ids": null,
                "principal_id": "7661ded7-f7ee-4cd0-b699-b58388247348",
                "tenant_id": "63b9a1c1-375c-42cf-9c63-dc3798c7ae5e",
                "type": "SystemAssigned"
              }
            ],
            "local_authentication_enabled": true,
            "location": "eastus",
            "name": "myAutomation",
            "private_endpoint_connection": [],
            "public_network_access_enabled": true,
            "resource_group_name": "azuretest_rg",
            "sku_name": "Basic",
            "tags": null,
            "timeouts": null
          },
          "sensitive_attributes": [
            [
              {
                "type": "get_attr",
                "value": "dsc_primary_access_key"
              }
            ],
            [
              {
                "type": "get_attr",
                "value": "dsc_secondary_access_key"
              }
            ]
          ],
          "identity_schema_version": 0,
          "private": "eyJlMmJmYjczMC1lY2FhLTExZTYtOGY4OC0zNDM2M2JjN2M0YzAiOnsiY3JlYXRlIjoxODAwMDAwMDAwMDAwLCJkZWxldGUiOjE4MDAwMDAwMDAwMDAsInJlYWQiOjMwMDAwMDAwMDAwMCwidXBkYXRlIjoxODAwMDAwMDAwMDAwfX0=",
          "dependencies": [
            "azurerm_resource_group.azuretest_rg"
          ]
        }
      ]
    },
    {
      "mode": "managed",
      "type": "azurerm_automation_job_schedule",
      "name": "vm_job_schedule",
      "provider": "provider[\"registry.terraform.io/hashicorp/azurerm\"]",
      "instances": [
        {
          "schema_version": 1,
          "attributes": {
            "automation_account_name": "myAutomation",
            "id": "/subscriptions/02a44fee-b200-4cf9-b042-9bd4aa3bebe6/resourceGroups/azuretest_rg/providers/Microsoft.Automation/automationAccounts/myAutomation/schedules/DailyVMStopStart|/subscriptions/02a44fee-b200-4cf9-b042-9bd4aa3bebe6/resourceGroups/azuretest_rg/providers/Microsoft.Automation/automationAccounts/myAutomation/runbooks/StartStopVM",
            "job_schedule_id": "25b64f94-5939-4505-ae05-b3394188a3bd",
            "parameters": null,
            "resource_group_name": "azuretest_rg",
            "resource_manager_id": "/subscriptions/02a44fee-b200-4cf9-b042-9bd4aa3bebe6/resourceGroups/azuretest_rg/providers/Microsoft.Automation/automationAccounts/myAutomation/jobSchedules/25b64f94-5939-4505-ae05-b3394188a3bd",
            "run_on": null,
            "runbook_name": "StartStopVM",
            "schedule_name": "DailyVMStopStart",
            "timeouts": null
          },
          "sensitive_attributes": [],
          "identity_schema_version": 0,
          "private": "eyJlMmJmYjczMC1lY2FhLTExZTYtOGY4OC0zNDM2M2JjN2M0YzAiOnsiY3JlYXRlIjoxODAwMDAwMDAwMDAwLCJkZWxldGUiOjE4MDAwMDAwMDAwMDAsInJlYWQiOjMwMDAwMDAwMDAwMH0sInNjaGVtYV92ZXJzaW9uIjoiMSJ9",
          "dependencies": [
            "azurerm_automation_account.automation",
            "azurerm_automation_runbook.vm_runbook",
            "azurerm_automation_schedule.daily_schedule",
            "azurerm_resource_group.azuretest_rg"
          ]
        }
      ]
    },
    {
      "mode": "managed",
      "type": "azurerm_automation_runbook",
      "name": "vm_runbook",
      "provider": "provider[\"registry.terraform.io/hashicorp/azurerm\"]",
      "instances": [
        {
          "schema_version": 0,
          "attributes": {
            "automation_account_name": "myAutomation",
            "content": "param(\n    [string]$ResourceGroupName = \"azuretest_rg\",\n    [string]$VMName = \"azuretest\",\n    [string]$Action = \"Stop\"  # \"Start\" or \"Stop\"\n)\n\nif ($Action -eq \"Start\") {\n    Start-AzVM -ResourceGroupName $azuretest_rg -Name $azuretest\n} else {\n    Stop-AzVM -ResourceGroupName $azuretest_rg -Name $azuretest -Force -StayProvisioned $false\n}\n",
            "description": "",
            "draft": [],
            "id": "/subscriptions/02a44fee-b200-4cf9-b042-9bd4aa3bebe6/resourceGroups/azuretest_rg/providers/Microsoft.Automation/automationAccounts/myAutomation/runbooks/StartStopVM",
            "job_schedule": [],
            "location": "eastus",
            "log_activity_trace_level": 0,
            "log_progress": true,
            "log_verbose": true,
            "name": "StartStopVM",
            "publish_content_link": [
              {
                "hash": [],
                "uri": "https://raw.githubusercontent.com/balamurali-infosrc/AZUREVMUpdated/main/StartStopVM.ps1",
                "version": ""
              }
            ],
            "resource_group_name": "azuretest_rg",
            "runbook_type": "PowerShell",
            "tags": null,
            "timeouts": null
          },
          "sensitive_attributes": [],
          "identity_schema_version": 0,
          "private": "eyJlMmJmYjczMC1lY2FhLTExZTYtOGY4OC0zNDM2M2JjN2M0YzAiOnsiY3JlYXRlIjoxODAwMDAwMDAwMDAwLCJkZWxldGUiOjE4MDAwMDAwMDAwMDAsInJlYWQiOjMwMDAwMDAwMDAwMCwidXBkYXRlIjoxODAwMDAwMDAwMDAwfX0=",
          "dependencies": [
            "azurerm_automation_account.automation",
            "azurerm_resource_group.azuretest_rg"
          ]
        }
      ]
    },
    {
      "mode": "managed",
      "type": "azurerm_automation_schedule",
      "name": "daily_schedule",
      "provider": "provider[\"registry.terraform.io/hashicorp/azurerm\"]",
      "instances": [
        {
          "schema_version": 0,
          "attributes": {
            "automation_account_name": "myAutomation",
            "description": "",
            "expiry_time": "9999-12-31T23:59:00+00:00",
            "frequency": "Day",
            "id": "/subscriptions/02a44fee-b200-4cf9-b042-9bd4aa3bebe6/resourceGroups/azuretest_rg/providers/Microsoft.Automation/automationAccounts/myAutomation/schedules/DailyVMStopStart",
            "interval": 1,
            "month_days": null,
            "monthly_occurrence": [],
            "name": "DailyVMStopStart",
            "resource_group_name": "azuretest_rg",
            "start_time": "2025-09-25T22:00:00Z",
            "timeouts": null,
            "timezone": "Etc/UTC",
            "week_days": null
          },
          "sensitive_attributes": [],
          "identity_schema_version": 0,
          "private": "eyJlMmJmYjczMC1lY2FhLTExZTYtOGY4OC0zNDM2M2JjN2M0YzAiOnsiY3JlYXRlIjoxODAwMDAwMDAwMDAwLCJkZWxldGUiOjE4MDAwMDAwMDAwMDAsInJlYWQiOjMwMDAwMDAwMDAwMCwidXBkYXRlIjoxODAwMDAwMDAwMDAwfX0=",
          "dependencies": [
            "azurerm_automation_account.automation",
            "azurerm_resource_group.azuretest_rg"
          ]
        }
      ]
    },
    {
      "mode": "managed",
      "type": "azurerm_network_interface",
      "name": "azuretest_int",
      "provider": "provider[\"registry.terraform.io/hashicorp/azurerm\"]",
      "instances": [
        {
          "schema_version": 0,
          "attributes": {
            "accelerated_networking_enabled": false,
            "applied_dns_servers": [],
            "auxiliary_mode": "",
            "auxiliary_sku": "",
            "dns_servers": [],
            "edge_zone": "",
            "id": "/subscriptions/02a44fee-b200-4cf9-b042-9bd4aa3bebe6/resourceGroups/azuretest_rg/providers/Microsoft.Network/networkInterfaces/azuretest_int",
            "internal_dns_name_label": "",
            "internal_domain_name_suffix": "bujwf1ciddcexhguynseyo4pec.bx.internal.cloudapp.net",
            "ip_configuration": [
              {
                "gateway_load_balancer_frontend_ip_configuration_id": "",
                "name": "Internal",
                "primary": true,
                "private_ip_address": "10.0.1.4",
                "private_ip_address_allocation": "Dynamic",
                "private_ip_address_version": "IPv4",
                "public_ip_address_id": "",
                "subnet_id": "/subscriptions/02a44fee-b200-4cf9-b042-9bd4aa3bebe6/resourceGroups/azuretest_rg/providers/Microsoft.Network/virtualNetworks/azuretest_vnet/subnets/subnet"
              }
            ],
            "ip_forwarding_enabled": false,
            "location": "eastus",
            "mac_address": "00-22-48-22-F5-FA",
            "name": "azuretest_int",
            "private_ip_address": "10.0.1.4",
            "private_ip_addresses": [
              "10.0.1.4"
            ],
            "resource_group_name": "azuretest_rg",
            "tags": {},
            "timeouts": null,
            "virtual_machine_id": "/subscriptions/02a44fee-b200-4cf9-b042-9bd4aa3bebe6/resourceGroups/azuretest_rg/providers/Microsoft.Compute/virtualMachines/azuretest"
          },
          "sensitive_attributes": [],
          "identity_schema_version": 0,
          "private": "eyJlMmJmYjczMC1lY2FhLTExZTYtOGY4OC0zNDM2M2JjN2M0YzAiOnsiY3JlYXRlIjoxODAwMDAwMDAwMDAwLCJkZWxldGUiOjE4MDAwMDAwMDAwMDAsInJlYWQiOjMwMDAwMDAwMDAwMCwidXBkYXRlIjoxODAwMDAwMDAwMDAwfX0=",
          "dependencies": [
            "azurerm_resource_group.azuretest_rg",
            "azurerm_subnet.azuretest_subnet",
            "azurerm_virtual_network.azuretest_vnet"
          ]
        }
      ]
    },
    {
      "mode": "managed",
      "type": "azurerm_resource_group",
      "name": "azuretest_rg",
      "provider": "provider[\"registry.terraform.io/hashicorp/azurerm\"]",
      "instances": [
        {
          "schema_version": 0,
          "attributes": {
            "id": "/subscriptions/02a44fee-b200-4cf9-b042-9bd4aa3bebe6/resourceGroups/azuretest_rg",
            "location": "eastus",
            "managed_by": "",
            "name": "azuretest_rg",
            "tags": {},
            "timeouts": null
          },
          "sensitive_attributes": [],
          "identity_schema_version": 0,
          "private": "eyJlMmJmYjczMC1lY2FhLTExZTYtOGY4OC0zNDM2M2JjN2M0YzAiOnsiY3JlYXRlIjo1NDAwMDAwMDAwMDAwLCJkZWxldGUiOjU0MDAwMDAwMDAwMDAsInJlYWQiOjMwMDAwMDAwMDAwMCwidXBkYXRlIjo1NDAwMDAwMDAwMDAwfX0="
        }
      ]
    },
    {
      "mode": "managed",
      "type": "azurerm_role_assignment",
      "name": "automation_contributor",
      "provider": "provider[\"registry.terraform.io/hashicorp/azurerm\"]",
      "instances": [
        {
          "schema_version": 0,
          "attributes": {
            "condition": "",
            "condition_version": "",
            "delegated_managed_identity_resource_id": "",
            "description": "",
            "id": "/subscriptions/02a44fee-b200-4cf9-b042-9bd4aa3bebe6/resourceGroups/azuretest_rg/providers/Microsoft.Authorization/roleAssignments/39f9cf59-e59b-9a26-55aa-b8c2f74c6f13",
            "name": "39f9cf59-e59b-9a26-55aa-b8c2f74c6f13",
            "principal_id": "7661ded7-f7ee-4cd0-b699-b58388247348",
            "principal_type": "ServicePrincipal",
            "role_definition_id": "/subscriptions/02a44fee-b200-4cf9-b042-9bd4aa3bebe6/providers/Microsoft.Authorization/roleDefinitions/b24988ac-6180-42a0-ab88-20f7382dd24c",
            "role_definition_name": "Contributor",
            "scope": "/subscriptions/02a44fee-b200-4cf9-b042-9bd4aa3bebe6/resourceGroups/azuretest_rg",
            "skip_service_principal_aad_check": null,
            "timeouts": null
          },
          "sensitive_attributes": [],
          "identity_schema_version": 0,
          "private": "eyJlMmJmYjczMC1lY2FhLTExZTYtOGY4OC0zNDM2M2JjN2M0YzAiOnsiY3JlYXRlIjoxODAwMDAwMDAwMDAwLCJkZWxldGUiOjE4MDAwMDAwMDAwMDAsInJlYWQiOjMwMDAwMDAwMDAwMH19",
          "dependencies": [
            "azurerm_automation_account.automation",
            "azurerm_resource_group.azuretest_rg"
          ]
        }
      ]
    },
    {
      "mode": "managed",
      "type": "azurerm_subnet",
      "name": "azuretest_subnet",
      "provider": "provider[\"registry.terraform.io/hashicorp/azurerm\"]",
      "instances": [
        {
          "schema_version": 0,
          "attributes": {
            "address_prefixes": [
              "10.0.1.0/24"
            ],
            "default_outbound_access_enabled": true,
            "delegation": [],
            "id": "/subscriptions/02a44fee-b200-4cf9-b042-9bd4aa3bebe6/resourceGroups/azuretest_rg/providers/Microsoft.Network/virtualNetworks/azuretest_vnet/subnets/subnet",
            "name": "subnet",
            "private_endpoint_network_policies": "Disabled",
            "private_link_service_network_policies_enabled": true,
            "resource_group_name": "azuretest_rg",
            "service_endpoint_policy_ids": [],
            "service_endpoints": [],
            "timeouts": null,
            "virtual_network_name": "azuretest_vnet"
          },
          "sensitive_attributes": [],
          "identity_schema_version": 0,
          "private": "eyJlMmJmYjczMC1lY2FhLTExZTYtOGY4OC0zNDM2M2JjN2M0YzAiOnsiY3JlYXRlIjoxODAwMDAwMDAwMDAwLCJkZWxldGUiOjE4MDAwMDAwMDAwMDAsInJlYWQiOjMwMDAwMDAwMDAwMCwidXBkYXRlIjoxODAwMDAwMDAwMDAwfX0=",
          "dependencies": [
            "azurerm_resource_group.azuretest_rg",
            "azurerm_virtual_network.azuretest_vnet"
          ]
        }
      ]
    },
    {
      "mode": "managed",
      "type": "azurerm_virtual_network",
      "name": "azuretest_vnet",
      "provider": "provider[\"registry.terraform.io/hashicorp/azurerm\"]",
      "instances": [
        {
          "schema_version": 0,
          "attributes": {
            "address_space": [
              "10.0.0.0/16"
            ],
            "bgp_community": "",
            "ddos_protection_plan": [],
            "dns_servers": [],
            "edge_zone": "",
            "encryption": [],
            "flow_timeout_in_minutes": 0,
            "guid": "ec62130d-1848-4bc4-9cd4-c3644c3bcf22",
            "id": "/subscriptions/02a44fee-b200-4cf9-b042-9bd4aa3bebe6/resourceGroups/azuretest_rg/providers/Microsoft.Network/virtualNetworks/azuretest_vnet",
            "location": "eastus",
            "name": "azuretest_vnet",
            "resource_group_name": "azuretest_rg",
            "subnet": [
              {
                "address_prefixes": [
                  "10.0.1.0/24"
                ],
                "default_outbound_access_enabled": true,
                "delegation": [],
                "id": "/subscriptions/02a44fee-b200-4cf9-b042-9bd4aa3bebe6/resourceGroups/azuretest_rg/providers/Microsoft.Network/virtualNetworks/azuretest_vnet/subnets/subnet",
                "name": "subnet",
                "private_endpoint_network_policies": "Disabled",
                "private_link_service_network_policies_enabled": true,
                "route_table_id": "",
                "security_group": "",
                "service_endpoint_policy_ids": [],
                "service_endpoints": []
              }
            ],
            "tags": {},
            "timeouts": null
          },
          "sensitive_attributes": [],
          "identity_schema_version": 0,
          "private": "eyJlMmJmYjczMC1lY2FhLTExZTYtOGY4OC0zNDM2M2JjN2M0YzAiOnsiY3JlYXRlIjoxODAwMDAwMDAwMDAwLCJkZWxldGUiOjE4MDAwMDAwMDAwMDAsInJlYWQiOjMwMDAwMDAwMDAwMCwidXBkYXRlIjoxODAwMDAwMDAwMDAwfX0=",
          "dependencies": [
            "azurerm_resource_group.azuretest_rg"
          ]
        }
      ]
    },
    {
      "mode": "managed",
      "type": "azurerm_windows_virtual_machine",
      "name": "azuretest-vm",
      "provider": "provider[\"registry.terraform.io/hashicorp/azurerm\"]",
      "instances": [
        {
          "schema_version": 0,
          "attributes": {
            "additional_capabilities": [],
            "additional_unattend_content": [],
            "admin_password": "test@123",
            "admin_username": "testadmin",
            "allow_extension_operations": true,
            "availability_set_id": "",
            "boot_diagnostics": [],
            "bypass_platform_safety_checks_on_user_schedule_enabled": false,
            "capacity_reservation_group_id": "",
            "computer_name": "azuretest",
            "custom_data": null,
            "dedicated_host_group_id": "",
            "dedicated_host_id": "",
            "disk_controller_type": "",
            "edge_zone": "",
            "enable_automatic_updates": true,
            "encryption_at_host_enabled": false,
            "eviction_policy": "",
            "extensions_time_budget": "PT1H30M",
            "gallery_application": [],
            "hotpatching_enabled": false,
            "id": "/subscriptions/02a44fee-b200-4cf9-b042-9bd4aa3bebe6/resourceGroups/azuretest_rg/providers/Microsoft.Compute/virtualMachines/azuretest",
            "identity": [],
            "license_type": "",
            "location": "eastus",
            "max_bid_price": -1,
            "name": "azuretest",
            "network_interface_ids": [
              "/subscriptions/02a44fee-b200-4cf9-b042-9bd4aa3bebe6/resourceGroups/azuretest_rg/providers/Microsoft.Network/networkInterfaces/azuretest_int"
            ],
            "os_disk": [
              {
                "caching": "ReadWrite",
                "diff_disk_settings": [],
                "disk_encryption_set_id": "",
                "disk_size_gb": 127,
                "name": "azuretest_OsDisk_1_a1ef386410e9415a8b12932851e4f1b1",
                "secure_vm_disk_encryption_set_id": "",
                "security_encryption_type": "",
                "storage_account_type": "StandardSSD_LRS",
                "write_accelerator_enabled": false
              }
            ],
            "os_image_notification": [],
            "patch_assessment_mode": "ImageDefault",
            "patch_mode": "AutomaticByOS",
            "plan": [],
            "platform_fault_domain": -1,
            "priority": "Regular",
            "private_ip_address": "10.0.1.4",
            "private_ip_addresses": [
              "10.0.1.4"
            ],
            "provision_vm_agent": true,
            "proximity_placement_group_id": "",
            "public_ip_address": "",
            "public_ip_addresses": [],
            "reboot_setting": "",
            "resource_group_name": "azuretest_rg",
            "secret": [],
            "secure_boot_enabled": false,
            "size": "Standard_D2s_v3",
            "source_image_id": "",
            "source_image_reference": [
              {
                "offer": "WindowsServer",
                "publisher": "MicrosoftWindowsServer",
                "sku": "2019-Datacenter",
                "version": "Latest"
              }
            ],
            "tags": {},
            "termination_notification": [],
            "timeouts": null,
            "timezone": "",
            "user_data": "",
            "virtual_machine_id": "97024077-4296-496a-9eca-32e83b75867e",
            "virtual_machine_scale_set_id": "",
            "vm_agent_platform_updates_enabled": true,
            "vtpm_enabled": false,
            "winrm_listener": [],
            "zone": ""
          },
          "sensitive_attributes": [
            [
              {
                "type": "get_attr",
                "value": "admin_password"
              }
            ],
            [
              {
                "type": "get_attr",
                "value": "custom_data"
              }
            ]
          ],
          "identity_schema_version": 0,
          "private": "eyJlMmJmYjczMC1lY2FhLTExZTYtOGY4OC0zNDM2M2JjN2M0YzAiOnsiY3JlYXRlIjoyNzAwMDAwMDAwMDAwLCJkZWxldGUiOjI3MDAwMDAwMDAwMDAsInJlYWQiOjMwMDAwMDAwMDAwMCwidXBkYXRlIjoyNzAwMDAwMDAwMDAwfX0=",
          "dependencies": [
            "azurerm_network_interface.azuretest_int",
            "azurerm_resource_group.azuretest_rg",
            "azurerm_subnet.azuretest_subnet",
            "azurerm_virtual_network.azuretest_vnet"
          ]
        }
      ]
    }
  ],
  "check_results": null
}
